{
  "version": 4,
  "terraform_version": "1.15.0",
  "serial": 25,
  "lineage": "30c4d363-2317-e952-0c2b-09db9e6c567f",
  "outputs": {
    "gke_cluster_name": {
      "value": "deliver-eats-gke",
      "type": "string"
    },
    "gke_node_pool_name": {
      "value": "primary-pool",
      "type": "string"
    },
    "sql_admin_password": {
      "value": "Delivereats123",
      "type": "string"
    },
    "sql_admin_username": {
      "value": "adminsql",
      "type": "string"
    },
    "sql_database_names": {
      "value": [
        "Delivereats_SA",
        "Delivereats_SA_Usuarios",
        "Delivereats_SA_Productos",
        "Delivereats_SA_Restaurantes",
        "Delivereats_SA_Ordenes",
        "Delivereats_SA_Pagos"
      ],
      "type": [
        "list",
        "string"
      ]
    },
    "sql_vm_dns_name": {
      "value": "sqlserver.deliver-eats.internal",
      "type": "string"
    },
    "sql_vm_name": {
      "value": "deliver-eats-sqlserver-vm",
      "type": "string"
    },
    "sql_vm_private_ip": {
      "value": "10.10.0.2",
      "type": "string"
    },
    "subnet_name": {
      "value": "deliver-eats-subnet",
      "type": "string"
    },
    "vpc_name": {
      "value": "deliver-eats-vpc",
      "type": "string"
    }
  },
  "resources": [
    {
      "mode": "managed",
      "type": "google_compute_address",
      "name": "sql_vm_internal",
      "provider": "provider[\"registry.terraform.io/hashicorp/google\"]",
      "instances": [
        {
          "schema_version": 0,
          "attributes": {
            "address": "10.10.0.2",
            "address_type": "INTERNAL",
            "creation_timestamp": "2026-04-30T19:42:07.690-07:00",
            "description": "",
            "effective_labels": {
              "goog-terraform-provisioned": "true"
            },
            "id": "projects/saproyecto-494423/regions/us-central1/addresses/deliver-eats-sqlserver-vm-internal-ip",
            "ip_collection": "",
            "ip_version": "",
            "ipv6_endpoint_type": "",
            "label_fingerprint": "vezUS-42LLM=",
            "labels": null,
            "name": "deliver-eats-sqlserver-vm-internal-ip",
            "network": "",
            "network_tier": "PREMIUM",
            "prefix_length": 0,
            "project": "saproyecto-494423",
            "purpose": "GCE_ENDPOINT",
            "region": "us-central1",
            "self_link": "https://www.googleapis.com/compute/v1/projects/saproyecto-494423/regions/us-central1/addresses/deliver-eats-sqlserver-vm-internal-ip",
            "subnetwork": "https://www.googleapis.com/compute/v1/projects/saproyecto-494423/regions/us-central1/subnetworks/deliver-eats-subnet",
            "terraform_labels": {
              "goog-terraform-provisioned": "true"
            },
            "timeouts": null,
            "users": []
          },
          "sensitive_attributes": [],
          "identity_schema_version": 1,
          "identity": {
            "name": "deliver-eats-sqlserver-vm-internal-ip",
            "project": "saproyecto-494423",
            "region": "us-central1"
          },
          "private": "eyJlMmJmYjczMC1lY2FhLTExZTYtOGY4OC0zNDM2M2JjN2M0YzAiOnsiY3JlYXRlIjoxMjAwMDAwMDAwMDAwLCJkZWxldGUiOjEyMDAwMDAwMDAwMDAsInVwZGF0ZSI6MTIwMDAwMDAwMDAwMH19",
          "dependencies": [
            "google_compute_network.vpc",
            "google_compute_subnetwork.subnet",
            "google_project_service.compute"
          ]
        }
      ]
    },
    {
      "mode": "managed",
      "type": "google_compute_firewall",
      "name": "allow_internal",
      "provider": "provider[\"registry.terraform.io/hashicorp/google\"]",
      "instances": [
        {
          "schema_version": 1,
          "attributes": {
            "allow": [
              {
                "ports": [],
                "protocol": "icmp"
              },
              {
                "ports": [],
                "protocol": "tcp"
              },
              {
                "ports": [],
                "protocol": "udp"
              }
            ],
            "creation_timestamp": "2026-04-30T19:41:44.439-07:00",
            "deny": [],
            "description": "",
            "destination_ranges": [],
            "direction": "INGRESS",
            "disabled": false,
            "enable_logging": null,
            "id": "projects/saproyecto-494423/global/firewalls/deliver-eats-vpc-allow-internal",
            "log_config": [],
            "name": "deliver-eats-vpc-allow-internal",
            "network": "https://www.googleapis.com/compute/v1/projects/saproyecto-494423/global/networks/deliver-eats-vpc",
            "params": [],
            "priority": 1000,
            "project": "saproyecto-494423",
            "self_link": "https://www.googleapis.com/compute/v1/projects/saproyecto-494423/global/firewalls/deliver-eats-vpc-allow-internal",
            "source_ranges": [
              "10.10.0.0/20",
              "10.20.0.0/16",
              "10.30.0.0/20"
            ],
            "source_service_accounts": null,
            "source_tags": null,
            "target_service_accounts": null,
            "target_tags": [
              "gke-nodes"
            ],
            "timeouts": null
          },
          "sensitive_attributes": [],
          "identity_schema_version": 1,
          "identity": {
            "name": "deliver-eats-vpc-allow-internal",
            "project": "saproyecto-494423"
          },
          "private": "eyJlMmJmYjczMC1lY2FhLTExZTYtOGY4OC0zNDM2M2JjN2M0YzAiOnsiY3JlYXRlIjoxMjAwMDAwMDAwMDAwLCJkZWxldGUiOjEyMDAwMDAwMDAwMDAsInVwZGF0ZSI6MTIwMDAwMDAwMDAwMH0sInNjaGVtYV92ZXJzaW9uIjoiMSJ9",
          "dependencies": [
            "google_compute_network.vpc",
            "google_project_service.compute"
          ]
        }
      ]
    },
    {
      "mode": "managed",
      "type": "google_compute_firewall",
      "name": "allow_load_balancer",
      "provider": "provider[\"registry.terraform.io/hashicorp/google\"]",
      "instances": [
        {
          "schema_version": 1,
          "attributes": {
            "allow": [
              {
                "ports": [
                  "80",
                  "443",
                  "30000-32767"
                ],
                "protocol": "tcp"
              }
            ],
            "creation_timestamp": "2026-04-30T19:41:44.153-07:00",
            "deny": [],
            "description": "",
            "destination_ranges": [],
            "direction": "INGRESS",
            "disabled": false,
            "enable_logging": null,
            "id": "projects/saproyecto-494423/global/firewalls/deliver-eats-vpc-allow-lb",
            "log_config": [],
            "name": "deliver-eats-vpc-allow-lb",
            "network": "https://www.googleapis.com/compute/v1/projects/saproyecto-494423/global/networks/deliver-eats-vpc",
            "params": [],
            "priority": 1000,
            "project": "saproyecto-494423",
            "self_link": "https://www.googleapis.com/compute/v1/projects/saproyecto-494423/global/firewalls/deliver-eats-vpc-allow-lb",
            "source_ranges": [
              "0.0.0.0/0"
            ],
            "source_service_accounts": null,
            "source_tags": null,
            "target_service_accounts": null,
            "target_tags": [
              "gke-nodes"
            ],
            "timeouts": null
          },
          "sensitive_attributes": [],
          "identity_schema_version": 1,
          "identity": {
            "name": "deliver-eats-vpc-allow-lb",
            "project": "saproyecto-494423"
          },
          "private": "eyJlMmJmYjczMC1lY2FhLTExZTYtOGY4OC0zNDM2M2JjN2M0YzAiOnsiY3JlYXRlIjoxMjAwMDAwMDAwMDAwLCJkZWxldGUiOjEyMDAwMDAwMDAwMDAsInVwZGF0ZSI6MTIwMDAwMDAwMDAwMH0sInNjaGVtYV92ZXJzaW9uIjoiMSJ9",
          "dependencies": [
            "google_compute_network.vpc",
            "google_project_service.compute"
          ]
        }
      ]
    },
    {
      "mode": "managed",
      "type": "google_compute_firewall",
      "name": "allow_sqlserver",
      "provider": "provider[\"registry.terraform.io/hashicorp/google\"]",
      "instances": [
        {
          "schema_version": 1,
          "attributes": {
            "allow": [
              {
                "ports": [
                  "1433"
                ],
                "protocol": "tcp"
              }
            ],
            "creation_timestamp": "2026-04-30T19:41:44.352-07:00",
            "deny": [],
            "description": "",
            "destination_ranges": [],
            "direction": "INGRESS",
            "disabled": false,
            "enable_logging": null,
            "id": "projects/saproyecto-494423/global/firewalls/deliver-eats-vpc-allow-sqlserver",
            "log_config": [],
            "name": "deliver-eats-vpc-allow-sqlserver",
            "network": "https://www.googleapis.com/compute/v1/projects/saproyecto-494423/global/networks/deliver-eats-vpc",
            "params": [],
            "priority": 1000,
            "project": "saproyecto-494423",
            "self_link": "https://www.googleapis.com/compute/v1/projects/saproyecto-494423/global/firewalls/deliver-eats-vpc-allow-sqlserver",
            "source_ranges": [
              "10.10.0.0/20",
              "10.20.0.0/16",
              "10.30.0.0/20"
            ],
            "source_service_accounts": null,
            "source_tags": null,
            "target_service_accounts": null,
            "target_tags": [
              "sqlserver-vm"
            ],
            "timeouts": null
          },
          "sensitive_attributes": [],
          "identity_schema_version": 1,
          "identity": {
            "name": "deliver-eats-vpc-allow-sqlserver",
            "project": "saproyecto-494423"
          },
          "private": "eyJlMmJmYjczMC1lY2FhLTExZTYtOGY4OC0zNDM2M2JjN2M0YzAiOnsiY3JlYXRlIjoxMjAwMDAwMDAwMDAwLCJkZWxldGUiOjEyMDAwMDAwMDAwMDAsInVwZGF0ZSI6MTIwMDAwMDAwMDAwMH0sInNjaGVtYV92ZXJzaW9uIjoiMSJ9",
          "dependencies": [
            "google_compute_network.vpc",
            "google_project_service.compute"
          ]
        }
      ]
    },
    {
      "mode": "managed",
      "type": "google_compute_firewall",
      "name": "allow_ssh",
      "provider": "provider[\"registry.terraform.io/hashicorp/google\"]",
      "instances": [
        {
          "schema_version": 1,
          "attributes": {
            "allow": [
              {
                "ports": [
                  "22"
                ],
                "protocol": "tcp"
              }
            ],
            "creation_timestamp": "2026-04-30T19:41:45.586-07:00",
            "deny": [],
            "description": "",
            "destination_ranges": [],
            "direction": "INGRESS",
            "disabled": false,
            "enable_logging": null,
            "id": "projects/saproyecto-494423/global/firewalls/deliver-eats-vpc-allow-ssh",
            "log_config": [],
            "name": "deliver-eats-vpc-allow-ssh",
            "network": "https://www.googleapis.com/compute/v1/projects/saproyecto-494423/global/networks/deliver-eats-vpc",
            "params": [],
            "priority": 1000,
            "project": "saproyecto-494423",
            "self_link": "https://www.googleapis.com/compute/v1/projects/saproyecto-494423/global/firewalls/deliver-eats-vpc-allow-ssh",
            "source_ranges": [
              "0.0.0.0/0"
            ],
            "source_service_accounts": null,
            "source_tags": null,
            "target_service_accounts": null,
            "target_tags": [
              "gke-nodes",
              "sqlserver-vm"
            ],
            "timeouts": null
          },
          "sensitive_attributes": [],
          "identity_schema_version": 1,
          "identity": {
            "name": "deliver-eats-vpc-allow-ssh",
            "project": "saproyecto-494423"
          },
          "private": "eyJlMmJmYjczMC1lY2FhLTExZTYtOGY4OC0zNDM2M2JjN2M0YzAiOnsiY3JlYXRlIjoxMjAwMDAwMDAwMDAwLCJkZWxldGUiOjEyMDAwMDAwMDAwMDAsInVwZGF0ZSI6MTIwMDAwMDAwMDAwMH0sInNjaGVtYV92ZXJzaW9uIjoiMSJ9",
          "dependencies": [
            "google_compute_network.vpc",
            "google_project_service.compute"
          ]
        }
      ]
    },
    {
      "mode": "managed",
      "type": "google_compute_instance",
      "name": "sqlserver_vm",
      "provider": "provider[\"registry.terraform.io/hashicorp/google\"]",
      "instances": [
        {
          "schema_version": 6,
          "attributes": {
            "advanced_machine_features": [],
            "allow_stopping_for_update": true,
            "attached_disk": [],
            "boot_disk": [
              {
                "auto_delete": true,
                "device_name": "persistent-disk-0",
                "disk_encryption_key_raw": "",
                "disk_encryption_key_rsa": "",
                "disk_encryption_key_sha256": "",
                "disk_encryption_service_account": "",
                "force_attach": false,
                "guest_os_features": [
                  "VIRTIO_SCSI_MULTIQUEUE",
                  "SEV_CAPABLE",
                  "SEV_SNP_CAPABLE",
                  "SEV_LIVE_MIGRATABLE",
                  "SEV_LIVE_MIGRATABLE_V2",
                  "IDPF",
                  "TDX_CAPABLE",
                  "UEFI_COMPATIBLE",
                  "GVNIC"
                ],
                "initialize_params": [
                  {
                    "architecture": "X86_64",
                    "enable_confidential_compute": false,
                    "image": "https://www.googleapis.com/compute/v1/projects/ubuntu-os-cloud/global/images/ubuntu-2204-jammy-v20260427",
                    "labels": {},
                    "provisioned_iops": 0,
                    "provisioned_throughput": 0,
                    "resource_manager_tags": null,
                    "resource_policies": [],
                    "size": 100,
                    "snapshot": "",
                    "source_image_encryption_key": [],
                    "source_snapshot_encryption_key": [],
                    "storage_pool": "",
                    "type": "pd-balanced"
                  }
                ],
                "interface": "",
                "kms_key_self_link": "",
                "mode": "READ_WRITE",
                "source": "https://www.googleapis.com/compute/v1/projects/saproyecto-494423/zones/us-central1-a/disks/deliver-eats-sqlserver-vm"
              }
            ],
            "can_ip_forward": false,
            "confidential_instance_config": [],
            "cpu_platform": "AMD Rome",
            "creation_timestamp": "2026-04-30T19:42:11.639-07:00",
            "current_status": "RUNNING",
            "deletion_protection": false,
            "description": "",
            "desired_status": null,
            "effective_labels": {
              "goog-terraform-provisioned": "true"
            },
            "enable_display": false,
            "guest_accelerator": [],
            "hostname": "",
            "id": "projects/saproyecto-494423/zones/us-central1-a/instances/deliver-eats-sqlserver-vm",
            "instance_encryption_key": [],
            "instance_id": "3378791096268729836",
            "key_revocation_action_type": "",
            "label_fingerprint": "vezUS-42LLM=",
            "labels": null,
            "machine_type": "e2-standard-4",
            "metadata": {
              "enable-oslogin": "FALSE"
            },
            "metadata_fingerprint": "rEIiOOg69pk=",
            "metadata_startup_script": "#!/usr/bin/env bash\r\nset -euo pipefail\r\n\r\nexport DEBIAN_FRONTEND=noninteractive\r\n\r\napt-get update\r\napt-get install -y ca-certificates curl docker.io\r\n\r\nsystemctl enable docker\r\nsystemctl start docker\r\n\r\ndocker pull mcr.microsoft.com/mssql/server:2022-latest\r\ndocker rm -f sqlserver \u003e/dev/null 2\u003e\u00261 || true\r\ndocker run -d \\\r\n  --name sqlserver \\\r\n  --restart unless-stopped \\\r\n  -e ACCEPT_EULA=Y \\\r\n  -e MSSQL_PID=Developer \\\r\n  -e MSSQL_SA_PASSWORD='Delivereats123' \\\r\n  -p 1433:1433 \\\r\n  mcr.microsoft.com/mssql/server:2022-latest\r\n\r\necho \"Waiting for SQL Server to become ready\"\r\nuntil docker run --rm --network host mcr.microsoft.com/mssql-tools18:latest /opt/mssql-tools18/bin/sqlcmd -S 127.0.0.1 -U sa -P 'Delivereats123' -C -Q \"SELECT 1\" \u003e/dev/null 2\u003e\u00261; do\r\n  sleep 10\r\ndone\r\n\r\ncat \u003e/tmp/init.sql \u003c\u003c'EOF'\r\nIF NOT EXISTS (SELECT name FROM sys.server_principals WHERE name = N'adminsql')\r\nBEGIN\r\n  CREATE LOGIN [adminsql] WITH PASSWORD = N'Delivereats123', CHECK_POLICY = OFF, CHECK_EXPIRATION = OFF;\r\nEND\r\nALTER SERVER ROLE [sysadmin] ADD MEMBER [adminsql];\r\nGO\r\nIF DB_ID(N'Delivereats_SA') IS NULL\r\nBEGIN\r\n  CREATE DATABASE [Delivereats_SA];\r\nEND\r\nGO\r\nIF DB_ID(N'Delivereats_SA_Usuarios') IS NULL\r\nBEGIN\r\n  CREATE DATABASE [Delivereats_SA_Usuarios];\r\nEND\r\nGO\r\nIF DB_ID(N'Delivereats_SA_Productos') IS NULL\r\nBEGIN\r\n  CREATE DATABASE [Delivereats_SA_Productos];\r\nEND\r\nGO\r\nIF DB_ID(N'Delivereats_SA_Restaurantes') IS NULL\r\nBEGIN\r\n  CREATE DATABASE [Delivereats_SA_Restaurantes];\r\nEND\r\nGO\r\nIF DB_ID(N'Delivereats_SA_Ordenes') IS NULL\r\nBEGIN\r\n  CREATE DATABASE [Delivereats_SA_Ordenes];\r\nEND\r\nGO\r\nIF DB_ID(N'Delivereats_SA_Pagos') IS NULL\r\nBEGIN\r\n  CREATE DATABASE [Delivereats_SA_Pagos];\r\nEND\r\nGO\r\nEOF\r\n\r\ndocker run --rm --network host -v /tmp/init.sql:/tmp/init.sql:ro mcr.microsoft.com/mssql-tools18:latest /opt/mssql-tools18/bin/sqlcmd -S 127.0.0.1 -U sa -P 'Delivereats123' -C -i /tmp/init.sql\r\n\r\necho \"SQL Server VM ready\"",
            "min_cpu_platform": "",
            "name": "deliver-eats-sqlserver-vm",
            "network_interface": [
              {
                "access_config": [
                  {
                    "nat_ip": "34.42.141.92",
                    "network_tier": "PREMIUM",
                    "public_ptr_domain_name": ""
                  }
                ],
                "alias_ip_range": [],
                "igmp_query": "",
                "internal_ipv6_prefix_length": 0,
                "ipv6_access_config": [],
                "ipv6_access_type": "",
                "ipv6_address": "",
                "name": "nic0",
                "network": "https://www.googleapis.com/compute/v1/projects/saproyecto-494423/global/networks/deliver-eats-vpc",
                "network_attachment": "",
                "network_ip": "10.10.0.2",
                "nic_type": "",
                "parent_nic_name": "",
                "queue_count": 0,
                "stack_type": "IPV4_ONLY",
                "subnetwork": "https://www.googleapis.com/compute/v1/projects/saproyecto-494423/regions/us-central1/subnetworks/deliver-eats-subnet",
                "subnetwork_project": "saproyecto-494423",
                "vlan": 0
              }
            ],
            "network_performance_config": [],
            "params": [],
            "project": "saproyecto-494423",
            "reservation_affinity": [],
            "resource_policies": null,
            "scheduling": [
              {
                "automatic_restart": true,
                "availability_domain": 0,
                "instance_termination_action": "",
                "local_ssd_recovery_timeout": [],
                "max_run_duration": [],
                "min_node_cpus": 0,
                "node_affinities": [],
                "on_host_maintenance": "MIGRATE",
                "on_instance_stop_action": [],
                "preemptible": false,
                "provisioning_model": "STANDARD",
                "termination_time": ""
              }
            ],
            "scratch_disk": [],
            "self_link": "https://www.googleapis.com/compute/v1/projects/saproyecto-494423/zones/us-central1-a/instances/deliver-eats-sqlserver-vm",
            "service_account": [],
            "shielded_instance_config": [
              {
                "enable_integrity_monitoring": true,
                "enable_secure_boot": false,
                "enable_vtpm": true
              }
            ],
            "tags": [
              "sqlserver-vm"
            ],
            "tags_fingerprint": "LZmX4msEUJc=",
            "terraform_labels": {
              "goog-terraform-provisioned": "true"
            },
            "timeouts": null,
            "zone": "us-central1-a"
          },
          "sensitive_attributes": [
            [
              {
                "type": "get_attr",
                "value": "boot_disk"
              },
              {
                "type": "index",
                "value": {
                  "value": 0,
                  "type": "number"
                }
              },
              {
                "type": "get_attr",
                "value": "disk_encryption_key_raw"
              }
            ],
            [
              {
                "type": "get_attr",
                "value": "boot_disk"
              },
              {
                "type": "index",
                "value": {
                  "value": 0,
                  "type": "number"
                }
              },
              {
                "type": "get_attr",
                "value": "disk_encryption_key_rsa"
              }
            ]
          ],
          "identity_schema_version": 0,
          "private": "eyJlMmJmYjczMC1lY2FhLTExZTYtOGY4OC0zNDM2M2JjN2M0YzAiOnsiY3JlYXRlIjoxMjAwMDAwMDAwMDAwLCJkZWxldGUiOjEyMDAwMDAwMDAwMDAsInVwZGF0ZSI6MTIwMDAwMDAwMDAwMH0sInNjaGVtYV92ZXJzaW9uIjoiNiJ9",
          "dependencies": [
            "google_compute_address.sql_vm_internal",
            "google_compute_network.vpc",
            "google_compute_subnetwork.subnet",
            "google_project_service.compute"
          ]
        }
      ]
    },
    {
      "mode": "managed",
      "type": "google_compute_network",
      "name": "vpc",
      "provider": "provider[\"registry.terraform.io/hashicorp/google\"]",
      "instances": [
        {
          "schema_version": 0,
          "attributes": {
            "auto_create_subnetworks": false,
            "bgp_always_compare_med": false,
            "bgp_best_path_selection_mode": "LEGACY",
            "bgp_inter_region_cost": "",
            "delete_bgp_always_compare_med": false,
            "delete_default_routes_on_create": false,
            "description": "",
            "enable_ula_internal_ipv6": false,
            "gateway_ipv4": "",
            "id": "projects/saproyecto-494423/global/networks/deliver-eats-vpc",
            "internal_ipv6_range": "",
            "mtu": 0,
            "name": "deliver-eats-vpc",
            "network_firewall_policy_enforcement_order": "AFTER_CLASSIC_FIREWALL",
            "network_id": "8463144093891537971",
            "network_profile": "",
            "numeric_id": "8463144093891537971",
            "params": [],
            "project": "saproyecto-494423",
            "routing_mode": "REGIONAL",
            "self_link": "https://www.googleapis.com/compute/v1/projects/saproyecto-494423/global/networks/deliver-eats-vpc",
            "timeouts": null
          },
          "sensitive_attributes": [],
          "identity_schema_version": 1,
          "identity": {
            "name": "deliver-eats-vpc",
            "project": "saproyecto-494423"
          },
          "private": "eyJlMmJmYjczMC1lY2FhLTExZTYtOGY4OC0zNDM2M2JjN2M0YzAiOnsiY3JlYXRlIjoxMjAwMDAwMDAwMDAwLCJkZWxldGUiOjEyMDAwMDAwMDAwMDAsInVwZGF0ZSI6MTIwMDAwMDAwMDAwMH19",
          "dependencies": [
            "google_project_service.compute"
          ]
        }
      ]
    },
    {
      "mode": "managed",
      "type": "google_compute_subnetwork",
      "name": "subnet",
      "provider": "provider[\"registry.terraform.io/hashicorp/google\"]",
      "instances": [
        {
          "schema_version": 0,
          "attributes": {
            "allow_subnet_cidr_routes_overlap": false,
            "creation_timestamp": "2026-04-30T19:41:45.572-07:00",
            "description": "",
            "external_ipv6_prefix": "",
            "fingerprint": null,
            "gateway_address": "10.10.0.1",
            "id": "projects/saproyecto-494423/regions/us-central1/subnetworks/deliver-eats-subnet",
            "internal_ipv6_prefix": "",
            "ip_cidr_range": "10.10.0.0/20",
            "ip_collection": null,
            "ipv6_access_type": "",
            "ipv6_cidr_range": "",
            "ipv6_gce_endpoint": "",
            "log_config": [],
            "name": "deliver-eats-subnet",
            "network": "https://www.googleapis.com/compute/v1/projects/saproyecto-494423/global/networks/deliver-eats-vpc",
            "params": [],
            "private_ip_google_access": true,
            "private_ipv6_google_access": "DISABLE_GOOGLE_ACCESS",
            "project": "saproyecto-494423",
            "purpose": "PRIVATE",
            "region": "us-central1",
            "reserved_internal_range": "",
            "resolve_subnet_mask": "",
            "role": "",
            "secondary_ip_range": [
              {
                "ip_cidr_range": "10.20.0.0/16",
                "range_name": "pods",
                "reserved_internal_range": ""
              },
              {
                "ip_cidr_range": "10.30.0.0/20",
                "range_name": "services",
                "reserved_internal_range": ""
              }
            ],
            "self_link": "https://www.googleapis.com/compute/v1/projects/saproyecto-494423/regions/us-central1/subnetworks/deliver-eats-subnet",
            "send_secondary_ip_range_if_empty": null,
            "stack_type": "IPV4_ONLY",
            "state": "",
            "subnetwork_id": 5532525923139169286,
            "timeouts": null
          },
          "sensitive_attributes": [],
          "identity_schema_version": 1,
          "identity": {
            "name": "deliver-eats-subnet",
            "project": "saproyecto-494423",
            "region": "us-central1"
          },
          "private": "eyJlMmJmYjczMC1lY2FhLTExZTYtOGY4OC0zNDM2M2JjN2M0YzAiOnsiY3JlYXRlIjoxMjAwMDAwMDAwMDAwLCJkZWxldGUiOjEyMDAwMDAwMDAwMDAsInVwZGF0ZSI6MTIwMDAwMDAwMDAwMH19",
          "dependencies": [
            "google_compute_network.vpc",
            "google_project_service.compute"
          ]
        }
      ]
    },
    {
      "mode": "managed",
      "type": "google_container_cluster",
      "name": "gke",
      "provider": "provider[\"registry.terraform.io/hashicorp/google\"]",
      "instances": [
        {
          "schema_version": 2,
          "attributes": {
            "addons_config": [
              {
                "cloudrun_config": [],
                "config_connector_config": [],
                "dns_cache_config": [
                  {
                    "enabled": true
                  }
                ],
                "gce_persistent_disk_csi_driver_config": [
                  {
                    "enabled": true
                  }
                ],
                "gcp_filestore_csi_driver_config": [],
                "gcs_fuse_csi_driver_config": [],
                "gke_backup_agent_config": [],
                "horizontal_pod_autoscaling": [
                  {
                    "disabled": false
                  }
                ],
                "http_load_balancing": [
                  {
                    "disabled": false
                  }
                ],
                "lustre_csi_driver_config": [],
                "network_policy_config": [
                  {
                    "disabled": true
                  }
                ],
                "parallelstore_csi_driver_config": [],
                "ray_operator_config": [],
                "slice_controller_config": [],
                "stateful_ha_config": []
              }
            ],
            "allow_net_admin": null,
            "anonymous_authentication_config": [
              {
                "mode": "LIMITED"
              }
            ],
            "authenticator_groups_config": [],
            "autopilot_cluster_policy_config": null,
            "autopilot_privileged_admission": [],
            "binary_authorization": [
              {
                "enabled": false,
                "evaluation_mode": ""
              }
            ],
            "cluster_autoscaling": [
              {
                "auto_provisioning_defaults": [
                  {
                    "boot_disk_kms_key": "",
                    "disk_size": 0,
                    "disk_type": "",
                    "image_type": "COS_CONTAINERD",
                    "management": [
                      {
                        "auto_repair": true,
                        "auto_upgrade": true,
                        "upgrade_options": []
                      }
                    ],
                    "min_cpu_platform": "",
                    "oauth_scopes": [
                      "https://www.googleapis.com/auth/devstorage.read_only",
                      "https://www.googleapis.com/auth/logging.write",
                      "https://www.googleapis.com/auth/monitoring",
                      "https://www.googleapis.com/auth/service.management.readonly",
                      "https://www.googleapis.com/auth/servicecontrol",
                      "https://www.googleapis.com/auth/trace.append"
                    ],
                    "service_account": "default",
                    "shielded_instance_config": [],
                    "upgrade_settings": []
                  }
                ],
                "auto_provisioning_locations": [],
                "autoscaling_profile": "BALANCED",
                "default_compute_class_enabled": false,
                "enabled": false,
                "resource_limits": []
              }
            ],
            "cluster_ipv4_cidr": "10.20.0.0/16",
            "confidential_nodes": [],
            "control_plane_endpoints_config": [
              {
                "dns_endpoint_config": [
                  {
                    "allow_external_traffic": false,
                    "enable_k8s_certs_via_dns": false,
                    "enable_k8s_tokens_via_dns": false,
                    "endpoint": "gke-137182438ab74f40ad53cc334bc99e1804b9-633293952283.us-central1-a.gke.goog"
                  }
                ],
                "ip_endpoints_config": [
                  {
                    "enabled": true
                  }
                ]
              }
            ],
            "cost_management_config": [],
            "database_encryption": [
              {
                "key_name": "",
                "state": "DECRYPTED"
              }
            ],
            "datapath_provider": "",
            "default_max_pods_per_node": 110,
            "default_snat_status": [
              {
                "disabled": false
              }
            ],
            "deletion_protection": true,
            "description": "",
            "disable_l4_lb_firewall_reconciliation": false,
            "dns_config": [],
            "effective_labels": {
              "goog-terraform-provisioned": "true"
            },
            "enable_autopilot": false,
            "enable_cilium_clusterwide_network_policy": false,
            "enable_fqdn_network_policy": false,
            "enable_intranode_visibility": false,
            "enable_k8s_beta_apis": [],
            "enable_kubernetes_alpha": false,
            "enable_l4_ilb_subsetting": false,
            "enable_legacy_abac": false,
            "enable_multi_networking": false,
            "enable_shielded_nodes": true,
            "enable_tpu": false,
            "endpoint": "35.225.35.169",
            "enterprise_config": [
              {
                "cluster_tier": "STANDARD",
                "desired_tier": ""
              }
            ],
            "fleet": [],
            "gateway_api_config": [],
            "gke_auto_upgrade_config": [],
            "id": "projects/saproyecto-494423/locations/us-central1-a/clusters/deliver-eats-gke",
            "identity_service_config": [],
            "in_transit_encryption_config": "",
            "initial_node_count": 1,
            "ip_allocation_policy": [
              {
                "additional_ip_ranges_config": [],
                "additional_pod_ranges_config": [],
                "auto_ipam_config": [],
                "cluster_ipv4_cidr_block": "10.20.0.0/16",
                "cluster_secondary_range_name": "pods",
                "network_tier_config": [
                  {
                    "network_tier": "NETWORK_TIER_DEFAULT"
                  }
                ],
                "pod_cidr_overprovision_config": [
                  {
                    "disabled": false
                  }
                ],
                "services_ipv4_cidr_block": "10.30.0.0/20",
                "services_secondary_range_name": "services",
                "stack_type": "IPV4"
              }
            ],
            "label_fingerprint": "78cdf2f6",
            "location": "us-central1-a",
            "logging_config": [
              {
                "enable_components": [
                  "SYSTEM_COMPONENTS",
                  "WORKLOADS"
                ]
              }
            ],
            "logging_service": "logging.googleapis.com/kubernetes",
            "maintenance_policy": [],
            "master_auth": [
              {
                "client_certificate": "",
                "client_certificate_config": [
                  {
                    "issue_client_certificate": false
                  }
                ],
                "client_key": "",
                "cluster_ca_certificate": "LS0tLS1CRUdJTiBDRVJUSUZJQ0FURS0tLS0tCk1JSUVMRENDQXBTZ0F3SUJBZ0lRWHdubVNEWjdtc2ptNjN4YnFIRlNPakFOQmdrcWhraUc5dzBCQVFzRkFEQXYKTVMwd0t3WURWUVFERXlSaFpEYzFaR1k0TUMwNFkyUXdMVFF4T0RBdE9UbGxZUzB5WldJNFpEWmpPREF5TXpNdwpJQmNOTWpZd05UQXhNREUwTWpFd1doZ1BNakExTmpBME1qTXdNalF5TVRCYU1DOHhMVEFyQmdOVkJBTVRKR0ZrCk56Vmtaamd3TFRoalpEQXROREU0TUMwNU9XVmhMVEpsWWpoa05tTTRNREl6TXpDQ0FhSXdEUVlKS29aSWh2Y04KQVFFQkJRQURnZ0dQQURDQ0FZb0NnZ0dCQUxPRWpsdlVub3ZnSDRwbDd3SDRrZlF3Z0tXeGw2aVhBc3NGUWdmSQpKV3dxMmxYWldaTzZrVWt3Q2I0dHh1WDQxc0ZmVm9NR2dGYU5OS0daQVRhMXhEM0FIeUxqdlJhSTB6UGN6U3NjCmdBVEtNRDFmMTJVK2FUTFJMUmNFS1JlU1BNemdXMmJkWTVrVkJ5Ynp6WTBhK3hWK2dwTURaZUZNaHBNVXJJby8KVGU1UUt4b2RQMGdTZW9CWXR6L0FtRUh4SjYrWEhqWTJERVIrMFFRdlBLSkY0Zkt1Tkl1VTZNTXdqSzErZjJYUQphYVNrazBHOThnNmtRa0JyVGQ4Z053a2dLdmduWnJtVHJPektVR3oyWE04aFowQW5jTFVaNWxubERKNEsvbTA5ClRMLzZMMTNxOTFJalJhWE52MUd0OGJrSFFFV3hsc2hLOHVLU3h0dlo0THpHa25PVzUzQUN2d0NqVTZkcjcrb28KNjkvOGc3aW50eVVGa1RXdE1kWkdaN2Q5NEhJdHdudnIrdjBETWlmK3p1b0lKc0VOYVk0NEdUZ0lHY2RxVkZsKwp6RFZpZWFUWTdaVTRCdnhVdTFUcTR0ZXlnc3MwbWM4d1RoQWF6a3NMeEQyVXlndm1RYktNRUQrL21lSzZFeVNoCjB4YUVIUXU2TEphV0kwZzZ3cDdGaUYzdEtRSURBUUFCbzBJd1FEQU9CZ05WSFE4QkFmOEVCQU1DQWdRd0R3WUQKVlIwVEFRSC9CQVV3QXdFQi96QWRCZ05WSFE0RUZnUVVuaGJTcnNTYUlxT2syeXdwb3cxVGJFTXV5YU13RFFZSgpLb1pJaHZjTkFRRUxCUUFEZ2dHQkFFT2M4Zzdnamk5SkZad2lvY1gvN3Z5THd2alZPNnNBMERxVG44bW1wNkVoCjV6UEh0SnExRU9qTXMrMnNUbk5UbXdhV3M4VmZuOGJJTHE5cHB1Yy8vbStTOC82YjBuZUwwV0h3QXBEVVBuRGoKcVNsTFMrQnRFSGZ4TGt0WFBkRlhNMUVmV3FqOHVLOUdFM2RwcmtMMHhodFNIOWRPd3M3VkdCeWZLUDNPL1l6ZwpNMk92d3RxR1M2S1BxdjFvRVVObUVTNFIzZ1hvUlFoZUNvTUtsQUJPczFnNitRd1ZyTTREOEFqZURQd0w4MGg4Cm1HK0JXanc4N0pxVTEyaDRtQ2FaSXNhblB4bnJFMmRlUldjT2RTZ29rOTJlYTlIa24wSEhnU3dHNko2R0xsUVQKL3N5aXB6NnlDam9wQmNUT3pDUHVZbmpILzJ1Zll1L000RTF0Z0xpTEFEamJjSys1OHZ4amM2MlhRTkFRNXFMWApuS29LNDRSYXR0WkVlcEhIbWlxd1RhTnNCL1RMcmZ2MVFTVG1WMmdJcks5SjhDZ2tOYVpEK0R4MFIybmhuL1Z6CmwzRy90M01hczNSWnZwOURrVS9qeWg3ZVArNGRJZnEyWU5ZRE1qQXUyNmpDbVM4NlNFeWkzdnNNanRVSml2YmcKczlzbWVIN0dQTUNXeTNYb2c1c3lRZz09Ci0tLS0tRU5EIENFUlRJRklDQVRFLS0tLS0K"
              }
            ],
            "master_authorized_networks_config": [],
            "master_version": "1.35.1-gke.1396002",
            "mesh_certificates": [],
            "min_master_version": null,
            "monitoring_config": [
              {
                "advanced_datapath_observability_config": [
                  {
                    "enable_metrics": false,
                    "enable_relay": false
                  }
                ],
                "enable_components": [
                  "SYSTEM_COMPONENTS",
                  "STATEFULSET",
                  "JOBSET",
                  "STORAGE",
                  "HPA",
                  "POD",
                  "DAEMONSET",
                  "DEPLOYMENT",
                  "CADVISOR",
                  "KUBELET",
                  "DCGM"
                ],
                "managed_prometheus": [
                  {
                    "auto_monitoring_config": [],
                    "enabled": true
                  }
                ]
              }
            ],
            "monitoring_service": "monitoring.googleapis.com/kubernetes",
            "name": "deliver-eats-gke",
            "network": "projects/saproyecto-494423/global/networks/deliver-eats-vpc",
            "network_performance_config": [],
            "network_policy": [
              {
                "enabled": false,
                "provider": "PROVIDER_UNSPECIFIED"
              }
            ],
            "networking_mode": "VPC_NATIVE",
            "node_config": [],
            "node_locations": [],
            "node_pool": [],
            "node_pool_auto_config": [
              {
                "linux_node_config": [],
                "network_tags": [],
                "node_kubelet_config": [
                  {
                    "insecure_kubelet_readonly_port_enabled": "FALSE"
                  }
                ],
                "resource_manager_tags": {}
              }
            ],
            "node_pool_defaults": [
              {
                "node_config_defaults": [
                  {
                    "containerd_config": [],
                    "gcfs_config": [],
                    "insecure_kubelet_readonly_port_enabled": "FALSE",
                    "logging_variant": "DEFAULT"
                  }
                ]
              }
            ],
            "node_version": "1.35.1-gke.1396002",
            "notification_config": [
              {
                "pubsub": [
                  {
                    "enabled": false,
                    "filter": [],
                    "topic": ""
                  }
                ]
              }
            ],
            "operation": null,
            "pod_autoscaling": [
              {
                "hpa_profile": "PERFORMANCE"
              }
            ],
            "private_cluster_config": [
              {
                "enable_private_endpoint": false,
                "enable_private_nodes": false,
                "master_global_access_config": [
                  {
                    "enabled": false
                  }
                ],
                "master_ipv4_cidr_block": "",
                "peering_name": "",
                "private_endpoint": "10.10.0.3",
                "private_endpoint_subnetwork": "",
                "public_endpoint": "35.225.35.169"
              }
            ],
            "private_ipv6_google_access": "",
            "project": "saproyecto-494423",
            "rbac_binding_config": [
              {
                "enable_insecure_binding_system_authenticated": true,
                "enable_insecure_binding_system_unauthenticated": true
              }
            ],
            "release_channel": [
              {
                "channel": "REGULAR"
              }
            ],
            "remove_default_node_pool": true,
            "resource_labels": null,
            "resource_usage_export_config": [],
            "secret_manager_config": [
              {
                "enabled": false,
                "rotation_config": []
              }
            ],
            "security_posture_config": [
              {
                "mode": "BASIC",
                "vulnerability_mode": "VULNERABILITY_MODE_UNSPECIFIED"
              }
            ],
            "self_link": "https://container.googleapis.com/v1/projects/saproyecto-494423/zones/us-central1-a/clusters/deliver-eats-gke",
            "service_external_ips_config": [
              {
                "enabled": false
              }
            ],
            "services_ipv4_cidr": "10.30.0.0/20",
            "subnetwork": "projects/saproyecto-494423/regions/us-central1/subnetworks/deliver-eats-subnet",
            "terraform_labels": {
              "goog-terraform-provisioned": "true"
            },
            "timeouts": null,
            "tpu_ipv4_cidr_block": "",
            "user_managed_keys_config": [],
            "vertical_pod_autoscaling": [],
            "workload_identity_config": []
          },
          "sensitive_attributes": [
            [
              {
                "type": "get_attr",
                "value": "master_auth"
              },
              {
                "type": "index",
                "value": {
                  "value": 0,
                  "type": "number"
                }
              },
              {
                "type": "get_attr",
                "value": "client_key"
              }
            ]
          ],
          "identity_schema_version": 0,
          "private": "eyJlMmJmYjczMC1lY2FhLTExZTYtOGY4OC0zNDM2M2JjN2M0YzAiOnsiY3JlYXRlIjo1NDAwMDAwMDAwMDAwLCJkZWxldGUiOjU0MDAwMDAwMDAwMDAsInJlYWQiOjU0MDAwMDAwMDAwMDAsInVwZGF0ZSI6NTQwMDAwMDAwMDAwMH0sInNjaGVtYV92ZXJzaW9uIjoiMiJ9",
          "dependencies": [
            "google_compute_network.vpc",
            "google_compute_subnetwork.subnet",
            "google_project_service.compute",
            "google_project_service.container"
          ]
        }
      ]
    },
    {
      "mode": "managed",
      "type": "google_container_node_pool",
      "name": "primary",
      "provider": "provider[\"registry.terraform.io/hashicorp/google\"]",
      "instances": [
        {
          "schema_version": 1,
          "attributes": {
            "autoscaling": [],
            "cluster": "deliver-eats-gke",
            "id": "projects/saproyecto-494423/locations/us-central1-a/clusters/deliver-eats-gke/nodePools/primary-pool",
            "initial_node_count": 2,
            "instance_group_urls": [
              "https://www.googleapis.com/compute/v1/projects/saproyecto-494423/zones/us-central1-a/instanceGroupManagers/gke-deliver-eats-gke-primary-pool-5262e71c-grp"
            ],
            "location": "us-central1-a",
            "managed_instance_group_urls": [
              "https://www.googleapis.com/compute/v1/projects/saproyecto-494423/zones/us-central1-a/instanceGroups/gke-deliver-eats-gke-primary-pool-5262e71c-grp"
            ],
            "management": [
              {
                "auto_repair": true,
                "auto_upgrade": true
              }
            ],
            "max_pods_per_node": 110,
            "name": "primary-pool",
            "name_prefix": "",
            "network_config": [
              {
                "additional_node_network_configs": [],
                "additional_pod_network_configs": [],
                "create_pod_range": false,
                "enable_private_nodes": false,
                "network_performance_config": [],
                "pod_cidr_overprovision_config": [],
                "pod_ipv4_cidr_block": "10.20.0.0/16",
                "pod_range": "pods",
                "subnetwork": "projects/saproyecto-494423/regions/us-central1/subnetworks/deliver-eats-subnet"
              }
            ],
            "node_config": [
              {
                "advanced_machine_features": [],
                "boot_disk": [
                  {
                    "disk_type": "pd-standard",
                    "provisioned_iops": 0,
                    "provisioned_throughput": 0,
                    "size_gb": 50
                  }
                ],
                "boot_disk_kms_key": "",
                "confidential_nodes": [],
                "containerd_config": [],
                "disk_size_gb": 50,
                "disk_type": "pd-standard",
                "effective_taints": [],
                "enable_confidential_storage": false,
                "ephemeral_storage_local_ssd_config": [],
                "fast_socket": [],
                "flex_start": false,
                "gcfs_config": [],
                "guest_accelerator": [],
                "gvnic": [],
                "host_maintenance_policy": [],
                "image_type": "COS_CONTAINERD",
                "kubelet_config": [
                  {
                    "allowed_unsafe_sysctls": [],
                    "container_log_max_files": 0,
                    "container_log_max_size": "",
                    "cpu_cfs_quota": false,
                    "cpu_cfs_quota_period": "",
                    "cpu_manager_policy": "",
                    "eviction_max_pod_grace_period_seconds": 0,
                    "eviction_minimum_reclaim": [],
                    "eviction_soft": [],
                    "eviction_soft_grace_period": [],
                    "image_gc_high_threshold_percent": 0,
                    "image_gc_low_threshold_percent": 0,
                    "image_maximum_gc_age": "",
                    "image_minimum_gc_age": "",
                    "insecure_kubelet_readonly_port_enabled": "FALSE",
                    "max_parallel_image_pulls": 2,
                    "memory_manager": [],
                    "pod_pids_limit": 0,
                    "single_process_oom_kill": false,
                    "topology_manager": []
                  }
                ],
                "labels": {
                  "app": "deliver-eats",
                  "managed": "terraform"
                },
                "linux_node_config": [],
                "local_nvme_ssd_block_config": [],
                "local_ssd_count": 0,
                "local_ssd_encryption_mode": "",
                "logging_variant": "DEFAULT",
                "machine_type": "e2-medium",
                "max_run_duration": "",
                "metadata": {
                  "disable-legacy-endpoints": "true"
                },
                "min_cpu_platform": "",
                "node_group": "",
                "oauth_scopes": [
                  "https://www.googleapis.com/auth/devstorage.read_only",
                  "https://www.googleapis.com/auth/logging.write",
                  "https://www.googleapis.com/auth/monitoring"
                ],
                "preemptible": false,
                "reservation_affinity": [],
                "resource_labels": {
                  "goog-gke-node-pool-provisioning-model": "on-demand"
                },
                "resource_manager_tags": null,
                "sandbox_config": [],
                "secondary_boot_disks": [],
                "service_account": "deliver-eats-gke-nodes@saproyecto-494423.iam.gserviceaccount.com",
                "shielded_instance_config": [
                  {
                    "enable_integrity_monitoring": true,
                    "enable_secure_boot": false
                  }
                ],
                "sole_tenant_config": [],
                "spot": false,
                "storage_pools": null,
                "tags": [
                  "gke-nodes"
                ],
                "taint": [],
                "windows_node_config": [
                  {
                    "osversion": ""
                  }
                ],
                "workload_metadata_config": []
              }
            ],
            "node_count": 2,
            "node_drain_config": null,
            "node_locations": [
              "us-central1-a"
            ],
            "operation": null,
            "placement_policy": [],
            "project": "saproyecto-494423",
            "queued_provisioning": [],
            "timeouts": null,
            "upgrade_settings": [
              {
                "blue_green_settings": [],
                "max_surge": 1,
                "max_unavailable": 0,
                "strategy": "SURGE"
              }
            ],
            "version": "1.35.1-gke.1396002"
          },
          "sensitive_attributes": [],
          "identity_schema_version": 0,
          "private": "eyJlMmJmYjczMC1lY2FhLTExZTYtOGY4OC0zNDM2M2JjN2M0YzAiOnsiY3JlYXRlIjozNjAwMDAwMDAwMDAwLCJkZWxldGUiOjM2MDAwMDAwMDAwMDAsInVwZGF0ZSI6MzYwMDAwMDAwMDAwMH0sInNjaGVtYV92ZXJzaW9uIjoiMSJ9",
          "dependencies": [
            "google_compute_network.vpc",
            "google_compute_subnetwork.subnet",
            "google_container_cluster.gke",
            "google_project_iam_member.gke_nodes_artifact_registry",
            "google_project_iam_member.gke_nodes_logging",
            "google_project_iam_member.gke_nodes_monitoring",
            "google_project_service.compute",
            "google_project_service.container",
            "google_service_account.gke_nodes"
          ]
        }
      ]
    },
    {
      "mode": "managed",
      "type": "google_dns_managed_zone",
      "name": "private",
      "provider": "provider[\"registry.terraform.io/hashicorp/google\"]",
      "instances": [
        {
          "schema_version": 0,
          "attributes": {
            "cloud_logging_config": [
              {
                "enable_logging": false
              }
            ],
            "creation_time": "2026-05-01T02:41:44.730Z",
            "description": "Managed by Terraform",
            "dns_name": "deliver-eats.internal.",
            "dnssec_config": [],
            "effective_labels": {
              "goog-terraform-provisioned": "true"
            },
            "force_destroy": false,
            "forwarding_config": [],
            "id": "projects/saproyecto-494423/managedZones/deliver-eats-internal",
            "labels": null,
            "managed_zone_id": 7758760813691237781,
            "name": "deliver-eats-internal",
            "name_servers": [
              "ns-gcp-private.googledomains.com."
            ],
            "peering_config": [],
            "private_visibility_config": [
              {
                "gke_clusters": [],
                "networks": [
                  {
                    "network_url": "projects/saproyecto-494423/global/networks/deliver-eats-vpc"
                  }
                ]
              }
            ],
            "project": "saproyecto-494423",
            "terraform_labels": {
              "goog-terraform-provisioned": "true"
            },
            "timeouts": null,
            "visibility": "private"
          },
          "sensitive_attributes": [],
          "identity_schema_version": 1,
          "identity": {
            "name": "deliver-eats-internal",
            "project": "saproyecto-494423"
          },
          "private": "eyJlMmJmYjczMC1lY2FhLTExZTYtOGY4OC0zNDM2M2JjN2M0YzAiOnsiY3JlYXRlIjoxMjAwMDAwMDAwMDAwLCJkZWxldGUiOjEyMDAwMDAwMDAwMDAsInVwZGF0ZSI6MTIwMDAwMDAwMDAwMH19",
          "dependencies": [
            "google_compute_network.vpc",
            "google_project_service.compute"
          ]
        }
      ]
    },
    {
      "mode": "managed",
      "type": "google_dns_record_set",
      "name": "sql_vm_a_record",
      "provider": "provider[\"registry.terraform.io/hashicorp/google\"]",
      "instances": [
        {
          "schema_version": 0,
          "attributes": {
            "id": "projects/saproyecto-494423/managedZones/deliver-eats-internal/rrsets/sqlserver.deliver-eats.internal./A",
            "managed_zone": "deliver-eats-internal",
            "name": "sqlserver.deliver-eats.internal.",
            "project": "saproyecto-494423",
            "routing_policy": [],
            "rrdatas": [
              "10.10.0.2"
            ],
            "ttl": 300,
            "type": "A"
          },
          "sensitive_attributes": [],
          "identity_schema_version": 0,
          "private": "bnVsbA==",
          "dependencies": [
            "google_compute_address.sql_vm_internal",
            "google_compute_network.vpc",
            "google_compute_subnetwork.subnet",
            "google_dns_managed_zone.private",
            "google_project_service.compute"
          ]
        }
      ]
    },
    {
      "mode": "managed",
      "type": "google_project_iam_member",
      "name": "gke_nodes_artifact_registry",
      "provider": "provider[\"registry.terraform.io/hashicorp/google\"]",
      "instances": [
        {
          "schema_version": 0,
          "attributes": {
            "condition": [],
            "etag": "BwZQuIV6xa0=",
            "id": "saproyecto-494423/roles/artifactregistry.reader/serviceAccount:deliver-eats-gke-nodes@saproyecto-494423.iam.gserviceaccount.com",
            "member": "serviceAccount:deliver-eats-gke-nodes@saproyecto-494423.iam.gserviceaccount.com",
            "project": "saproyecto-494423",
            "role": "roles/artifactregistry.reader"
          },
          "sensitive_attributes": [],
          "identity_schema_version": 0,
          "private": "bnVsbA==",
          "dependencies": [
            "google_service_account.gke_nodes"
          ]
        }
      ]
    },
    {
      "mode": "managed",
      "type": "google_project_iam_member",
      "name": "gke_nodes_logging",
      "provider": "provider[\"registry.terraform.io/hashicorp/google\"]",
      "instances": [
        {
          "schema_version": 0,
          "attributes": {
            "condition": [],
            "etag": "BwZQuIV6xa0=",
            "id": "saproyecto-494423/roles/logging.logWriter/serviceAccount:deliver-eats-gke-nodes@saproyecto-494423.iam.gserviceaccount.com",
            "member": "serviceAccount:deliver-eats-gke-nodes@saproyecto-494423.iam.gserviceaccount.com",
            "project": "saproyecto-494423",
            "role": "roles/logging.logWriter"
          },
          "sensitive_attributes": [],
          "identity_schema_version": 0,
          "private": "bnVsbA==",
          "dependencies": [
            "google_service_account.gke_nodes"
          ]
        }
      ]
    },
    {
      "mode": "managed",
      "type": "google_project_iam_member",
      "name": "gke_nodes_monitoring",
      "provider": "provider[\"registry.terraform.io/hashicorp/google\"]",
      "instances": [
        {
          "schema_version": 0,
          "attributes": {
            "condition": [],
            "etag": "BwZQuIV6xa0=",
            "id": "saproyecto-494423/roles/monitoring.metricWriter/serviceAccount:deliver-eats-gke-nodes@saproyecto-494423.iam.gserviceaccount.com",
            "member": "serviceAccount:deliver-eats-gke-nodes@saproyecto-494423.iam.gserviceaccount.com",
            "project": "saproyecto-494423",
            "role": "roles/monitoring.metricWriter"
          },
          "sensitive_attributes": [],
          "identity_schema_version": 0,
          "private": "bnVsbA==",
          "dependencies": [
            "google_service_account.gke_nodes"
          ]
        }
      ]
    },
    {
      "mode": "managed",
      "type": "google_project_service",
      "name": "compute",
      "provider": "provider[\"registry.terraform.io/hashicorp/google\"]",
      "instances": [
        {
          "schema_version": 0,
          "attributes": {
            "disable_dependent_services": null,
            "disable_on_destroy": false,
            "id": "saproyecto-494423/compute.googleapis.com",
            "project": "saproyecto-494423",
            "service": "compute.googleapis.com",
            "timeouts": null
          },
          "sensitive_attributes": [],
          "identity_schema_version": 0,
          "private": "eyJlMmJmYjczMC1lY2FhLTExZTYtOGY4OC0zNDM2M2JjN2M0YzAiOnsiY3JlYXRlIjoxMjAwMDAwMDAwMDAwLCJkZWxldGUiOjEyMDAwMDAwMDAwMDAsInJlYWQiOjYwMDAwMDAwMDAwMCwidXBkYXRlIjoxMjAwMDAwMDAwMDAwfX0="
        }
      ]
    },
    {
      "mode": "managed",
      "type": "google_project_service",
      "name": "container",
      "provider": "provider[\"registry.terraform.io/hashicorp/google\"]",
      "instances": [
        {
          "schema_version": 0,
          "attributes": {
            "disable_dependent_services": null,
            "disable_on_destroy": false,
            "id": "saproyecto-494423/container.googleapis.com",
            "project": "saproyecto-494423",
            "service": "container.googleapis.com",
            "timeouts": null
          },
          "sensitive_attributes": [],
          "identity_schema_version": 0,
          "private": "eyJlMmJmYjczMC1lY2FhLTExZTYtOGY4OC0zNDM2M2JjN2M0YzAiOnsiY3JlYXRlIjoxMjAwMDAwMDAwMDAwLCJkZWxldGUiOjEyMDAwMDAwMDAwMDAsInJlYWQiOjYwMDAwMDAwMDAwMCwidXBkYXRlIjoxMjAwMDAwMDAwMDAwfX0="
        }
      ]
    },
    {
      "mode": "managed",
      "type": "google_project_service",
      "name": "dns",
      "provider": "provider[\"registry.terraform.io/hashicorp/google\"]",
      "instances": [
        {
          "schema_version": 0,
          "attributes": {
            "disable_dependent_services": null,
            "disable_on_destroy": false,
            "id": "saproyecto-494423/dns.googleapis.com",
            "project": "saproyecto-494423",
            "service": "dns.googleapis.com",
            "timeouts": null
          },
          "sensitive_attributes": [],
          "identity_schema_version": 0,
          "private": "eyJlMmJmYjczMC1lY2FhLTExZTYtOGY4OC0zNDM2M2JjN2M0YzAiOnsiY3JlYXRlIjoxMjAwMDAwMDAwMDAwLCJkZWxldGUiOjEyMDAwMDAwMDAwMDAsInJlYWQiOjYwMDAwMDAwMDAwMCwidXBkYXRlIjoxMjAwMDAwMDAwMDAwfX0="
        }
      ]
    },
    {
      "mode": "managed",
      "type": "google_service_account",
      "name": "gke_nodes",
      "provider": "provider[\"registry.terraform.io/hashicorp/google\"]",
      "instances": [
        {
          "schema_version": 0,
          "attributes": {
            "account_id": "deliver-eats-gke-nodes",
            "create_ignore_already_exists": null,
            "description": "",
            "disabled": false,
            "display_name": "Deliver Eats GKE Nodes",
            "email": "deliver-eats-gke-nodes@saproyecto-494423.iam.gserviceaccount.com",
            "id": "projects/saproyecto-494423/serviceAccounts/deliver-eats-gke-nodes@saproyecto-494423.iam.gserviceaccount.com",
            "member": "serviceAccount:deliver-eats-gke-nodes@saproyecto-494423.iam.gserviceaccount.com",
            "name": "projects/saproyecto-494423/serviceAccounts/deliver-eats-gke-nodes@saproyecto-494423.iam.gserviceaccount.com",
            "project": "saproyecto-494423",
            "timeouts": null,
            "unique_id": "110210241979993016810"
          },
          "sensitive_attributes": [],
          "identity_schema_version": 1,
          "identity": {
            "email": "deliver-eats-gke-nodes@saproyecto-494423.iam.gserviceaccount.com",
            "project": "saproyecto-494423"
          },
          "private": "eyJlMmJmYjczMC1lY2FhLTExZTYtOGY4OC0zNDM2M2JjN2M0YzAiOnsiY3JlYXRlIjozMDAwMDAwMDAwMDB9fQ=="
        }
      ]
    }
  ],
  "check_results": null
}
